
Microsoft Visual Studio Solution File, Format Version 12.00
# Visual Studio Version 16
VisualStudioVersion = 25.0.1705.0
MinimumVisualStudioVersion = 10.0.40219.1
Project("{2150E333-8FDC-42A3-9474-1A3956D46DE8}") = "Services", "Services", "{317C8E51-86C8-4C6C-BDC9-BF7057AB3A16}"
EndProject
Project("{2150E333-8FDC-42A3-9474-1A3956D46DE8}") = "Catalog", "Catalog", "{A87F9B74-5C2F-40D1-86F3-B18F2B85BFCA}"
EndProject
Project("{FAE04EC0-301F-11D3-BF4B-00C04F79EFBC}") = "Catalog.API", "Services\Catalog\Catalog.API\Catalog.API.csproj", "{2372CBD5-73B4-4FC3-A9C3-F376AF6A5671}"
EndProject
Project("{E53339B2-1760-4266-BCC7-CA923CBCF16C}") = "docker-compose", "docker-compose.dcproj", "{54D74CFA-F752-4EAC-8136-9E2E510AB246}"
EndProject
Project("{2150E333-8FDC-42A3-9474-1A3956D46DE8}") = "Basket", "Basket", "{A2EFBFA0-EFFC-4248-A741-CE8B7CDDE43A}"
EndProject
Project("{FAE04EC0-301F-11D3-BF4B-00C04F79EFBC}") = "Basket.API", "Services\Basket\Basket.API\Basket.API.csproj", "{32FCE8A8-FBA0-4D4B-90F5-4824A0D8410B}"
EndProject
Project("{2150E333-8FDC-42A3-9474-1A3956D46DE8}") = "Discount", "Discount", "{2BC1AF1A-13CA-4E1E-94B3-DA63EB64DFF2}"
EndProject
Project("{FAE04EC0-301F-11D3-BF4B-00C04F79EFBC}") = "Discount.API", "Services\Discount\Discount.API\Discount.API.csproj", "{E3D749DD-A7D5-4590-9768-96BEB2C89286}"
EndProject
Project("{FAE04EC0-301F-11D3-BF4B-00C04F79EFBC}") = "Discount.Grpc", "Services\Discount\Discount.Grpc\Discount.Grpc.csproj", "{438DF573-310B-4D3F-AD01-5C931A7C1DE4}"
EndProject
Project("{2150E333-8FDC-42A3-9474-1A3956D46DE8}") = "Ordering", "Ordering", "{85D5B076-B6B3-4F1B-8E6C-B34AE3CF19C3}"
EndProject
Project("{FAE04EC0-301F-11D3-BF4B-00C04F79EFBC}") = "Ordering.API", "Services\Ordering\Ordering.API\Ordering.API.csproj", "{09DF62C3-FE48-47F2-910B-4EF0338F073C}"
EndProject
Project("{FAE04EC0-301F-11D3-BF4B-00C04F79EFBC}") = "Ordering.Domain", "Services\Ordering\Ordering.Domain\Ordering.Domain.csproj", "{8ECC265B-D269-426F-9656-559E183947C3}"
EndProject
Project("{FAE04EC0-301F-11D3-BF4B-00C04F79EFBC}") = "Ordering.Application", "Services\Ordering\Ordering.Application\Ordering.Application.csproj", "{DA6BEEB6-C19F-4822-8A00-300CA78ED2A9}"
EndProject
Project("{FAE04EC0-301F-11D3-BF4B-00C04F79EFBC}") = "Ordering.Infrastructure", "Services\Ordering\Ordering.Infrastructure\Ordering.Infrastructure.csproj", "{08DBE765-8100-4D57-BF18-F6C57C2FBC8D}"
EndProject
Project("{2150E333-8FDC-42A3-9474-1A3956D46DE8}") = "BuildingBlocks", "BuildingBlocks", "{9FC93B89-632C-458D-8935-67BAFB3C84CE}"
EndProject
Project("{FAE04EC0-301F-11D3-BF4B-00C04F79EFBC}") = "EventBus.Messages", "BuildingBlocks\EventBus.Messages\EventBus.Messages.csproj", "{CA4C5D31-D252-4577-B3B5-461600CF32E0}"
EndProject
Project("{2150E333-8FDC-42A3-9474-1A3956D46DE8}") = "ApiGateways", "ApiGateways", "{7BD58EAE-0C74-43DD-BAC8-1A78D5B61354}"
EndProject
Project("{FAE04EC0-301F-11D3-BF4B-00C04F79EFBC}") = "OcelotApiGw", "ApiGateways\OcelotApiGw\OcelotApiGw.csproj", "{46622B70-6403-4A6E-97A8-F0EE8EDC7946}"
EndProject
Project("{FAE04EC0-301F-11D3-BF4B-00C04F79EFBC}") = "Shopping.Aggregator", "ApiGateways\Shopping.Aggregator\Shopping.Aggregator.csproj", "{7E4EF8B6-5F47-4209-AED1-98317974B986}"
EndProject
Project("{2150E333-8FDC-42A3-9474-1A3956D46DE8}") = "WebApps", "WebApps", "{E28322EB-5F17-40F3-BD09-773B2FAEE098}"
EndProject
Global
	GlobalSection(SolutionConfigurationPlatforms) = preSolution
		Debug|Any CPU = Debug|Any CPU
		Release|Any CPU = Release|Any CPU
	EndGlobalSection
	GlobalSection(ProjectConfigurationPlatforms) = postSolution
		{2372CBD5-73B4-4FC3-A9C3-F376AF6A5671}.Debug|Any CPU.ActiveCfg = Debug|Any CPU
		{2372CBD5-73B4-4FC3-A9C3-F376AF6A5671}.Debug|Any CPU.Build.0 = Debug|Any CPU
		{2372CBD5-73B4-4FC3-A9C3-F376AF6A5671}.Release|Any CPU.ActiveCfg = Release|Any CPU
		{2372CBD5-73B4-4FC3-A9C3-F376AF6A5671}.Release|Any CPU.Build.0 = Release|Any CPU
		{54D74CFA-F752-4EAC-8136-9E2E510AB246}.Debug|Any CPU.ActiveCfg = Debug|Any CPU
		{54D74CFA-F752-4EAC-8136-9E2E510AB246}.Debug|Any CPU.Build.0 = Debug|Any CPU
		{54D74CFA-F752-4EAC-8136-9E2E510AB246}.Release|Any CPU.ActiveCfg = Release|Any CPU
		{54D74CFA-F752-4EAC-8136-9E2E510AB246}.Release|Any CPU.Build.0 = Release|Any CPU
		{32FCE8A8-FBA0-4D4B-90F5-4824A0D8410B}.Debug|Any CPU.ActiveCfg = Debug|Any CPU
		{32FCE8A8-FBA0-4D4B-90F5-4824A0D8410B}.Debug|Any CPU.Build.0 = Debug|Any CPU
		{32FCE8A8-FBA0-4D4B-90F5-4824A0D8410B}.Release|Any CPU.ActiveCfg = Release|Any CPU
		{32FCE8A8-FBA0-4D4B-90F5-4824A0D8410B}.Release|Any CPU.Build.0 = Release|Any CPU
		{E3D749DD-A7D5-4590-9768-96BEB2C89286}.Debug|Any CPU.ActiveCfg = Debug|Any CPU
		{E3D749DD-A7D5-4590-9768-96BEB2C89286}.Debug|Any CPU.Build.0 = Debug|Any CPU
		{E3D749DD-A7D5-4590-9768-96BEB2C89286}.Release|Any CPU.ActiveCfg = Release|Any CPU
		{E3D749DD-A7D5-4590-9768-96BEB2C89286}.Release|Any CPU.Build.0 = Release|Any CPU
		{438DF573-310B-4D3F-AD01-5C931A7C1DE4}.Debug|Any CPU.ActiveCfg = Debug|Any CPU
		{438DF573-310B-4D3F-AD01-5C931A7C1DE4}.Debug|Any CPU.Build.0 = Debug|Any CPU
		{438DF573-310B-4D3F-AD01-5C931A7C1DE4}.Release|Any CPU.ActiveCfg = Release|Any CPU
		{438DF573-310B-4D3F-AD01-5C931A7C1DE4}.Release|Any CPU.Build.0 = Release|Any CPU
		{09DF62C3-FE48-47F2-910B-4EF0338F073C}.Debug|Any CPU.ActiveCfg = Debug|Any CPU
		{09DF62C3-FE48-47F2-910B-4EF0338F073C}.Debug|Any CPU.Build.0 = Debug|Any CPU
		{09DF62C3-FE48-47F2-910B-4EF0338F073C}.Release|Any CPU.ActiveCfg = Release|Any CPU
		{09DF62C3-FE48-47F2-910B-4EF0338F073C}.Release|Any CPU.Build.0 = Release|Any CPU
		{8ECC265B-D269-426F-9656-559E183947C3}.Debug|Any CPU.ActiveCfg = Debug|Any CPU
		{8ECC265B-D269-426F-9656-559E183947C3}.Debug|Any CPU.Build.0 = Debug|Any CPU
		{8ECC265B-D269-426F-9656-559E183947C3}.Release|Any CPU.ActiveCfg = Release|Any CPU
		{8ECC265B-D269-426F-9656-559E183947C3}.Release|Any CPU.Build.0 = Release|Any CPU
		{DA6BEEB6-C19F-4822-8A00-300CA78ED2A9}.Debug|Any CPU.ActiveCfg = Debug|Any CPU
		{DA6BEEB6-C19F-4822-8A00-300CA78ED2A9}.Debug|Any CPU.Build.0 = Debug|Any CPU
		{DA6BEEB6-C19F-4822-8A00-300CA78ED2A9}.Release|Any CPU.ActiveCfg = Release|Any CPU
		{DA6BEEB6-C19F-4822-8A00-300CA78ED2A9}.Release|Any CPU.Build.0 = Release|Any CPU
		{08DBE765-8100-4D57-BF18-F6C57C2FBC8D}.Debug|Any CPU.ActiveCfg = Debug|Any CPU
		{08DBE765-8100-4D57-BF18-F6C57C2FBC8D}.Debug|Any CPU.Build.0 = Debug|Any CPU
		{08DBE765-8100-4D57-BF18-F6C57C2FBC8D}.Release|Any CPU.ActiveCfg = Release|Any CPU
		{08DBE765-8100-4D57-BF18-F6C57C2FBC8D}.Release|Any CPU.Build.0 = Release|Any CPU
		{CA4C5D31-D252-4577-B3B5-461600CF32E0}.Debug|Any CPU.ActiveCfg = Debug|Any CPU
		{CA4C5D31-D252-4577-B3B5-461600CF32E0}.Debug|Any CPU.Build.0 = Debug|Any CPU
		{CA4C5D31-D252-4577-B3B5-461600CF32E0}.Release|Any CPU.ActiveCfg = Release|Any CPU
		{CA4C5D31-D252-4577-B3B5-461600CF32E0}.Release|Any CPU.Build.0 = Release|Any CPU
		{46622B70-6403-4A6E-97A8-F0EE8EDC7946}.Debug|Any CPU.ActiveCfg = Debug|Any CPU
		{46622B70-6403-4A6E-97A8-F0EE8EDC7946}.Debug|Any CPU.Build.0 = Debug|Any CPU
		{46622B70-6403-4A6E-97A8-F0EE8EDC7946}.Release|Any CPU.ActiveCfg = Release|Any CPU
		{46622B70-6403-4A6E-97A8-F0EE8EDC7946}.Release|Any CPU.Build.0 = Release|Any CPU
		{7E4EF8B6-5F47-4209-AED1-98317974B986}.Debug|Any CPU.ActiveCfg = Debug|Any CPU
		{7E4EF8B6-5F47-4209-AED1-98317974B986}.Debug|Any CPU.Build.0 = Debug|Any CPU
		{7E4EF8B6-5F47-4209-AED1-98317974B986}.Release|Any CPU.ActiveCfg = Release|Any CPU
		{7E4EF8B6-5F47-4209-AED1-98317974B986}.Release|Any CPU.Build.0 = Release|Any CPU
	EndGlobalSection
	GlobalSection(SolutionProperties) = preSolution
		HideSolutionNode = FALSE
	EndGlobalSection
	GlobalSection(ExtensibilityGlobals) = postSolution
		SolutionGuid = {7BF908A0-D542-4E67-B5CD-C0CE1A943316}
	EndGlobalSection
	GlobalSection(NestedProjects) = preSolution
		{A87F9B74-5C2F-40D1-86F3-B18F2B85BFCA} = {317C8E51-86C8-4C6C-BDC9-BF7057AB3A16}
		{2372CBD5-73B4-4FC3-A9C3-F376AF6A5671} = {A87F9B74-5C2F-40D1-86F3-B18F2B85BFCA}
		{A2EFBFA0-EFFC-4248-A741-CE8B7CDDE43A} = {317C8E51-86C8-4C6C-BDC9-BF7057AB3A16}
		{32FCE8A8-FBA0-4D4B-90F5-4824A0D8410B} = {A2EFBFA0-EFFC-4248-A741-CE8B7CDDE43A}
		{2BC1AF1A-13CA-4E1E-94B3-DA63EB64DFF2} = {317C8E51-86C8-4C6C-BDC9-BF7057AB3A16}
		{E3D749DD-A7D5-4590-9768-96BEB2C89286} = {2BC1AF1A-13CA-4E1E-94B3-DA63EB64DFF2}
		{438DF573-310B-4D3F-AD01-5C931A7C1DE4} = {2BC1AF1A-13CA-4E1E-94B3-DA63EB64DFF2}
		{85D5B076-B6B3-4F1B-8E6C-B34AE3CF19C3} = {317C8E51-86C8-4C6C-BDC9-BF7057AB3A16}
		{09DF62C3-FE48-47F2-910B-4EF0338F073C} = {85D5B076-B6B3-4F1B-8E6C-B34AE3CF19C3}
		{8ECC265B-D269-426F-9656-559E183947C3} = {85D5B076-B6B3-4F1B-8E6C-B34AE3CF19C3}
		{DA6BEEB6-C19F-4822-8A00-300CA78ED2A9} = {85D5B076-B6B3-4F1B-8E6C-B34AE3CF19C3}
		{08DBE765-8100-4D57-BF18-F6C57C2FBC8D} = {85D5B076-B6B3-4F1B-8E6C-B34AE3CF19C3}
		{CA4C5D31-D252-4577-B3B5-461600CF32E0} = {9FC93B89-632C-458D-8935-67BAFB3C84CE}
		{46622B70-6403-4A6E-97A8-F0EE8EDC7946} = {7BD58EAE-0C74-43DD-BAC8-1A78D5B61354}
		{7E4EF8B6-5F47-4209-AED1-98317974B986} = {7BD58EAE-0C74-43DD-BAC8-1A78D5B61354}
	EndGlobalSection
EndGlobal
